// !$*UTF8*$!
{
	archiveVersion = 1;
	classes = {
	};
	objectVersion = 56;
	objects = {

/* Begin PBXBuildFile section */
		E21771B52A18AA9200601779 /* JangBoGo_iOSApp.swift in Sources */ = {isa = PBXBuildFile; fileRef = E21771B42A18AA9200601779 /* JangBoGo_iOSApp.swift */; };
		E21771B72A18AA9200601779 /* ContentView.swift in Sources */ = {isa = PBXBuildFile; fileRef = E21771B62A18AA9200601779 /* ContentView.swift */; };
		E21771B92A18AA9300601779 /* Assets.xcassets in Resources */ = {isa = PBXBuildFile; fileRef = E21771B82A18AA9300601779 /* Assets.xcassets */; };
		E21771BC2A18AA9300601779 /* Preview Assets.xcassets in Resources */ = {isa = PBXBuildFile; fileRef = E21771BB2A18AA9300601779 /* Preview Assets.xcassets */; };
		E21771C62A18AA9300601779 /* JangBoGo_iOSTests.swift in Sources */ = {isa = PBXBuildFile; fileRef = E21771C52A18AA9300601779 /* JangBoGo_iOSTests.swift */; };
		E21771D02A18AA9300601779 /* JangBoGo_iOSUITests.swift in Sources */ = {isa = PBXBuildFile; fileRef = E21771CF2A18AA9300601779 /* JangBoGo_iOSUITests.swift */; };
		E21771D22A18AA9300601779 /* JangBoGo_iOSUITestsLaunchTests.swift in Sources */ = {isa = PBXBuildFile; fileRef = E21771D12A18AA9300601779 /* JangBoGo_iOSUITestsLaunchTests.swift */; };
/* End PBXBuildFile section */

/* Begin PBXContainerItemProxy section */
		E21771C22A18AA9300601779 /* PBXContainerItemProxy */ = {
			isa = PBXContainerItemProxy;
			containerPortal = E21771A92A18AA9200601779 /* Project object */;
			proxyType = 1;
			remoteGlobalIDString = E21771B02A18AA9200601779;
			remoteInfo = "JangBoGo-iOS";
		};
		E21771CC2A18AA9300601779 /* PBXContainerItemProxy */ = {
			isa = PBXContainerItemProxy;
			containerPortal = E21771A92A18AA9200601779 /* Project object */;
			proxyType = 1;
			remoteGlobalIDString = E21771B02A18AA9200601779;
			remoteInfo = "JangBoGo-iOS";
		};
/* End PBXContainerItemProxy section */

/* Begin PBXFileReference section */
		E21771B12A18AA9200601779 /* JangBoGo-iOS.app */ = {isa = PBXFileReference; explicitFileType = wrapper.application; includeInIndex = 0; path = "JangBoGo-iOS.app"; sourceTree = BUILT_PRODUCTS_DIR; };
		E21771B42A18AA9200601779 /* JangBoGo_iOSApp.swift */ = {isa = PBXFileReference; lastKnownFileType = sourcecode.swift; path = JangBoGo_iOSApp.swift; sourceTree = "<group>"; };
		E21771B62A18AA9200601779 /* ContentView.swift */ = {isa = PBXFileReference; lastKnownFileType = sourcecode.swift; path = ContentView.swift; sourceTree = "<group>"; };
		E21771B82A18AA9300601779 /* Assets.xcassets */ = {isa = PBXFileReference; lastKnownFileType = folder.assetcatalog; path = Assets.xcassets; sourceTree = "<group>"; };
		E21771BB2A18AA9300601779 /* Preview Assets.xcassets */ = {isa = PBXFileReference; lastKnownFileType = folder.assetcatalog; path = "Preview Assets.xcassets"; sourceTree = "<group>"; };
		E21771C12A18AA9300601779 /* JangBoGo-iOSTests.xctest */ = {isa = PBXFileReference; explicitFileType = wrapper.cfbundle; includeInIndex = 0; path = "JangBoGo-iOSTests.xctest"; sourceTree = BUILT_PRODUCTS_DIR; };
		E21771C52A18AA9300601779 /* JangBoGo_iOSTests.swift */ = {isa = PBXFileReference; lastKnownFileType = sourcecode.swift; path = JangBoGo_iOSTests.swift; sourceTree = "<group>"; };
		E21771CB2A18AA9300601779 /* JangBoGo-iOSUITests.xctest */ = {isa = PBXFileReference; explicitFileType = wrapper.cfbundle; includeInIndex = 0; path = "JangBoGo-iOSUITests.xctest"; sourceTree = BUILT_PRODUCTS_DIR; };
		E21771CF2A18AA9300601779 /* JangBoGo_iOSUITests.swift */ = {isa = PBXFileReference; lastKnownFileType = sourcecode.swift; path = JangBoGo_iOSUITests.swift; sourceTree = "<group>"; };
		E21771D12A18AA9300601779 /* JangBoGo_iOSUITestsLaunchTests.swift */ = {isa = PBXFileReference; lastKnownFileType = sourcecode.swift; path = JangBoGo_iOSUITestsLaunchTests.swift; sourceTree = "<group>"; };
/* End PBXFileReference section */

/* Begin PBXFrameworksBuildPhase section */
		E21771AE2A18AA9200601779 /* Frameworks */ = {
			isa = PBXFrameworksBuildPhase;
			buildActionMask = 2147483647;
			files = (
			);
			runOnlyForDeploymentPostprocessing = 0;
		};
		E21771BE2A18AA9300601779 /* Frameworks */ = {
			isa = PBXFrameworksBuildPhase;
			buildActionMask = 2147483647;
			files = (
			);
			runOnlyForDeploymentPostprocessing = 0;
		};
		E21771C82A18AA9300601779 /* Frameworks */ = {
			isa = PBXFrameworksBuildPhase;
			buildActionMask = 2147483647;
			files = (
			);
			runOnlyForDeploymentPostprocessing = 0;
		};
/* End PBXFrameworksBuildPhase section */

/* Begin PBXGroup section */
		E21771A82A18AA9200601779 = {
			isa = PBXGroup;
			children = (
				E21771B32A18AA9200601779 /* JangBoGo-iOS */,
				E21771C42A18AA9300601779 /* JangBoGo-iOSTests */,
				E21771CE2A18AA9300601779 /* JangBoGo-iOSUITests */,
				E21771B22A18AA9200601779 /* Products */,
			);
			sourceTree = "<group>";
		};
		E21771B22A18AA9200601779 /* Products */ = {
			isa = PBXGroup;
			children = (
				E21771B12A18AA9200601779 /* JangBoGo-iOS.app */,
				E21771C12A18AA9300601779 /* JangBoGo-iOSTests.xctest */,
				E21771CB2A18AA9300601779 /* JangBoGo-iOSUITests.xctest */,
			);
			name = Products;
			sourceTree = "<group>";
		};
		E21771B32A18AA9200601779 /* JangBoGo-iOS */ = {
			isa = PBXGroup;
			children = (
				E21771B42A18AA9200601779 /* JangBoGo_iOSApp.swift */,
				E21771B62A18AA9200601779 /* ContentView.swift */,
				E21771B82A18AA9300601779 /* Assets.xcassets */,
				E21771BA2A18AA9300601779 /* Preview Content */,
			);
			path = "JangBoGo-iOS";
			sourceTree = "<group>";
		};
		E21771BA2A18AA9300601779 /* Preview Content */ = {
			isa = PBXGroup;
			children = (
				E21771BB2A18AA9300601779 /* Preview Assets.xcassets */,
			);
			path = "Preview Content";
			sourceTree = "<group>";
		};
		E21771C42A18AA9300601779 /* JangBoGo-iOSTests */ = {
			isa = PBXGroup;
			children = (
				E21771C52A18AA9300601779 /* JangBoGo_iOSTests.swift */,
			);
			path = "JangBoGo-iOSTests";
			sourceTree = "<group>";
		};
		E21771CE2A18AA9300601779 /* JangBoGo-iOSUITests */ = {
			isa = PBXGroup;
			children = (
				E21771CF2A18AA9300601779 /* JangBoGo_iOSUITests.swift */,
				E21771D12A18AA9300601779 /* JangBoGo_iOSUITestsLaunchTests.swift */,
			);
			path = "JangBoGo-iOSUITests";
			sourceTree = "<group>";
		};
/* End PBXGroup section */

/* Begin PBXNativeTarget section */
		E21771B02A18AA9200601779 /* JangBoGo-iOS */ = {
			isa = PBXNativeTarget;
			buildConfigurationList = E21771D52A18AA9300601779 /* Build configuration list for PBXNativeTarget "JangBoGo-iOS" */;
			buildPhases = (
				E21771AD2A18AA9200601779 /* Sources */,
				E21771AE2A18AA9200601779 /* Frameworks */,
				E21771AF2A18AA9200601779 /* Resources */,
			);
			buildRules = (
			);
			dependencies = (
			);
			name = "JangBoGo-iOS";
			productName = "JangBoGo-iOS";
			productReference = E21771B12A18AA9200601779 /* JangBoGo-iOS.app */;
			productType = "com.apple.product-type.application";
		};
		E21771C02A18AA9300601779 /* JangBoGo-iOSTests */ = {
			isa = PBXNativeTarget;
			buildConfigurationList = E21771D82A18AA9300601779 /* Build configuration list for PBXNativeTarget "JangBoGo-iOSTests" */;
			buildPhases = (
				E21771BD2A18AA9300601779 /* Sources */,
				E21771BE2A18AA9300601779 /* Frameworks */,
				E21771BF2A18AA9300601779 /* Resources */,
			);
			buildRules = (
			);
			dependencies = (
				E21771C32A18AA9300601779 /* PBXTargetDependency */,
			);
			name = "JangBoGo-iOSTests";
			productName = "JangBoGo-iOSTests";
			productReference = E21771C12A18AA9300601779 /* JangBoGo-iOSTests.xctest */;
			productType = "com.apple.product-type.bundle.unit-test";
		};
		E21771CA2A18AA9300601779 /* JangBoGo-iOSUITests */ = {
			isa = PBXNativeTarget;
			buildConfigurationList = E21771DB2A18AA9300601779 /* Build configuration list for PBXNativeTarget "JangBoGo-iOSUITests" */;
			buildPhases = (
				E21771C72A18AA9300601779 /* Sources */,
				E21771C82A18AA9300601779 /* Frameworks */,
				E21771C92A18AA9300601779 /* Resources */,
			);
			buildRules = (
			);
			dependencies = (
				E21771CD2A18AA9300601779 /* PBXTargetDependency */,
			);
			name = "JangBoGo-iOSUITests";
			productName = "JangBoGo-iOSUITests";
			productReference = E21771CB2A18AA9300601779 /* JangBoGo-iOSUITests.xctest */;
			productType = "com.apple.product-type.bundle.ui-testing";
		};
/* End PBXNativeTarget section */

/* Begin PBXProject section */
		E21771A92A18AA9200601779 /* Project object */ = {
			isa = PBXProject;
			attributes = {
				BuildIndependentTargetsInParallel = 1;
				LastSwiftUpdateCheck = 1430;
				LastUpgradeCheck = 1430;
				TargetAttributes = {
					E21771B02A18AA9200601779 = {
						CreatedOnToolsVersion = 14.3;
					};
					E21771C02A18AA9300601779 = {
						CreatedOnToolsVersion = 14.3;
						TestTargetID = E21771B02A18AA9200601779;
					};
					E21771CA2A18AA9300601779 = {
						CreatedOnToolsVersion = 14.3;
						TestTargetID = E21771B02A18AA9200601779;
					};
				};
			};
			buildConfigurationList = E21771AC2A18AA9200601779 /* Build configuration list for PBXProject "JangBoGo-iOS" */;
			compatibilityVersion = "Xcode 14.0";
			developmentRegion = en;
			hasScannedForEncodings = 0;
			knownRegions = (
				en,
				Base,
			);
			mainGroup = E21771A82A18AA9200601779;
			productRefGroup = E21771B22A18AA9200601779 /* Products */;
			projectDirPath = "";
			projectRoot = "";
			targets = (
				E21771B02A18AA9200601779 /* JangBoGo-iOS */,
				E21771C02A18AA9300601779 /* JangBoGo-iOSTests */,
				E21771CA2A18AA9300601779 /* JangBoGo-iOSUITests */,
			);
		};
/* End PBXProject section */

/* Begin PBXResourcesBuildPhase section */
		E21771AF2A18AA9200601779 /* Resources */ = {
			isa = PBXResourcesBuildPhase;
			buildActionMask = 2147483647;
			files = (
				E21771BC2A18AA9300601779 /* Preview Assets.xcassets in Resources */,
				E21771B92A18AA9300601779 /* Assets.xcassets in Resources */,
			);
			runOnlyForDeploymentPostprocessing = 0;
		};
		E21771BF2A18AA9300601779 /* Resources */ = {
			isa = PBXResourcesBuildPhase;
			buildActionMask = 2147483647;
			files = (
			);
			runOnlyForDeploymentPostprocessing = 0;
		};
		E21771C92A18AA9300601779 /* Resources */ = {
			isa = PBXResourcesBuildPhase;
			buildActionMask = 2147483647;
			files = (
			);
			runOnlyForDeploymentPostprocessing = 0;
		};
/* End PBXResourcesBuildPhase section */

/* Begin PBXSourcesBuildPhase section */
		E21771AD2A18AA9200601779 /* Sources */ = {
			isa = PBXSourcesBuildPhase;
			buildActionMask = 2147483647;
			files = (
				E21771B72A18AA9200601779 /* ContentView.swift in Sources */,
				E21771B52A18AA9200601779 /* JangBoGo_iOSApp.swift in Sources */,
			);
			runOnlyForDeploymentPostprocessing = 0;
		};
		E21771BD2A18AA9300601779 /* Sources */ = {
			isa = PBXSourcesBuildPhase;
			buildActionMask = 2147483647;
			files = (
				E21771C62A18AA9300601779 /* JangBoGo_iOSTests.swift in Sources */,
			);
			runOnlyForDeploymentPostprocessing = 0;
		};
		E21771C72A18AA9300601779 /* Sources */ = {
			isa = PBXSourcesBuildPhase;
			buildActionMask = 2147483647;
			files = (
				E21771D02A18AA9300601779 /* JangBoGo_iOSUITests.swift in Sources */,
				E21771D22A18AA9300601779 /* JangBoGo_iOSUITestsLaunchTests.swift in Sources */,
			);
			runOnlyForDeploymentPostprocessing = 0;
		};
/* End PBXSourcesBuildPhase section */

/* Begin PBXTargetDependency section */
		E21771C32A18AA9300601779 /* PBXTargetDependency */ = {
			isa = PBXTargetDependency;
			target = E21771B02A18AA9200601779 /* JangBoGo-iOS */;
			targetProxy = E21771C22A18AA9300601779 /* PBXContainerItemProxy */;
		};
		E21771CD2A18AA9300601779 /* PBXTargetDependency */ = {
			isa = PBXTargetDependency;
			target = E21771B02A18AA9200601779 /* JangBoGo-iOS */;
			targetProxy = E21771CC2A18AA9300601779 /* PBXContainerItemProxy */;
		};
/* End PBXTargetDependency section */

/* Begin XCBuildConfiguration section */
		E21771D32A18AA9300601779 /* Debug */ = {
			isa = XCBuildConfiguration;
			buildSettings = {
				ALWAYS_SEARCH_USER_PATHS = NO;
				CLANG_ANALYZER_NONNULL = YES;
				CLANG_ANALYZER_NUMBER_OBJECT_CONVERSION = YES_AGGRESSIVE;
				CLANG_CXX_LANGUAGE_STANDARD = "gnu++20";
				CLANG_ENABLE_MODULES = YES;
				CLANG_ENABLE_OBJC_ARC = YES;
				CLANG_ENABLE_OBJC_WEAK = YES;
				CLANG_WARN_BLOCK_CAPTURE_AUTORELEASING = YES;
				CLANG_WARN_BOOL_CONVERSION = YES;
				CLANG_WARN_COMMA = YES;
				CLANG_WARN_CONSTANT_CONVERSION = YES;
				CLANG_WARN_DEPRECATED_OBJC_IMPLEMENTATIONS = YES;
				CLANG_WARN_DIRECT_OBJC_ISA_USAGE = YES_ERROR;
				CLANG_WARN_DOCUMENTATION_COMMENTS = YES;
				CLANG_WARN_EMPTY_BODY = YES;
				CLANG_WARN_ENUM_CONVERSION = YES;
				CLANG_WARN_INFINITE_RECURSION = YES;
				CLANG_WARN_INT_CONVERSION = YES;
				CLANG_WARN_NON_LITERAL_NULL_CONVERSION = YES;
				CLANG_WARN_OBJC_IMPLICIT_RETAIN_SELF = YES;
				CLANG_WARN_OBJC_LITERAL_CONVERSION = YES;
				CLANG_WARN_OBJC_ROOT_CLASS = YES_ERROR;
				CLANG_WARN_QUOTED_INCLUDE_IN_FRAMEWORK_HEADER = YES;
				CLANG_WARN_RANGE_LOOP_ANALYSIS = YES;
				CLANG_WARN_STRICT_PROTOTYPES = YES;
				CLANG_WARN_SUSPICIOUS_MOVE = YES;
				CLANG_WARN_UNGUARDED_AVAILABILITY = YES_AGGRESSIVE;
				CLANG_WARN_UNREACHABLE_CODE = YES;
				CLANG_WARN__DUPLICATE_METHOD_MATCH = YES;
				COPY_PHASE_STRIP = NO;
				DEBUG_INFORMATION_FORMAT = dwarf;
				ENABLE_STRICT_OBJC_MSGSEND = YES;
				ENABLE_TESTABILITY = YES;
				GCC_C_LANGUAGE_STANDARD = gnu11;
				GCC_DYNAMIC_NO_PIC = NO;
				GCC_NO_COMMON_BLOCKS = YES;
				GCC_OPTIMIZATION_LEVEL = 0;
				GCC_PREPROCESSOR_DEFINITIONS = (
					"DEBUG=1",
					"$(inherited)",
				);
				GCC_WARN_64_TO_32_BIT_CONVERSION = YES;
				GCC_WARN_ABOUT_RETURN_TYPE = YES_ERROR;
				GCC_WARN_UNDECLARED_SELECTOR = YES;
				GCC_WARN_UNINITIALIZED_AUTOS = YES_AGGRESSIVE;
				GCC_WARN_UNUSED_FUNCTION = YES;
				GCC_WARN_UNUSED_VARIABLE = YES;
				IPHONEOS_DEPLOYMENT_TARGET = 16.4;
				MTL_ENABLE_DEBUG_INFO = INCLUDE_SOURCE;
				MTL_FAST_MATH = YES;
				ONLY_ACTIVE_ARCH = YES;
				SDKROOT = iphoneos;
				SWIFT_ACTIVE_COMPILATION_CONDITIONS = DEBUG;
				SWIFT_OPTIMIZATION_LEVEL = "-Onone";
			};
			name = Debug;
		};
		E21771D42A18AA9300601779 /* Release */ = {
			isa = XCBuildConfiguration;
			buildSettings = {
				ALWAYS_SEARCH_USER_PATHS = NO;
				CLANG_ANALYZER_NONNULL = YES;
				CLANG_ANALYZER_NUMBER_OBJECT_CONVERSION = YES_AGGRESSIVE;
				CLANG_CXX_LANGUAGE_STANDARD = "gnu++20";
				CLANG_ENABLE_MODULES = YES;
				CLANG_ENABLE_OBJC_ARC = YES;
				CLANG_ENABLE_OBJC_WEAK = YES;
				CLANG_WARN_BLOCK_CAPTURE_AUTORELEASING = YES;
				CLANG_WARN_BOOL_CONVERSION = YES;
				CLANG_WARN_COMMA = YES;
				CLANG_WARN_CONSTANT_CONVERSION = YES;
				CLANG_WARN_DEPRECATED_OBJC_IMPLEMENTATIONS = YES;
				CLANG_WARN_DIRECT_OBJC_ISA_USAGE = YES_ERROR;
				CLANG_WARN_DOCUMENTATION_COMMENTS = YES;
				CLANG_WARN_EMPTY_BODY = YES;
				CLANG_WARN_ENUM_CONVERSION = YES;
				CLANG_WARN_INFINITE_RECURSION = YES;
				CLANG_WARN_INT_CONVERSION = YES;
				CLANG_WARN_NON_LITERAL_NULL_CONVERSION = YES;
				CLANG_WARN_OBJC_IMPLICIT_RETAIN_SELF = YES;
				CLANG_WARN_OBJC_LITERAL_CONVERSION = YES;
				CLANG_WARN_OBJC_ROOT_CLASS = YES_ERROR;
				CLANG_WARN_QUOTED_INCLUDE_IN_FRAMEWORK_HEADER = YES;
				CLANG_WARN_RANGE_LOOP_ANALYSIS = YES;
				CLANG_WARN_STRICT_PROTOTYPES = YES;
				CLANG_WARN_SUSPICIOUS_MOVE = YES;
				CLANG_WARN_UNGUARDED_AVAILABILITY = YES_AGGRESSIVE;
				CLANG_WARN_UNREACHABLE_CODE = YES;
				CLANG_WARN__DUPLICATE_METHOD_MATCH = YES;
				COPY_PHASE_STRIP = NO;
				DEBUG_INFORMATION_FORMAT = "dwarf-with-dsym";
				ENABLE_NS_ASSERTIONS = NO;
				ENABLE_STRICT_OBJC_MSGSEND = YES;
				GCC_C_LANGUAGE_STANDARD = gnu11;
				GCC_NO_COMMON_BLOCKS = YES;
				GCC_WARN_64_TO_32_BIT_CONVERSION = YES;
				GCC_WARN_ABOUT_RETURN_TYPE = YES_ERROR;
				GCC_WARN_UNDECLARED_SELECTOR = YES;
				GCC_WARN_UNINITIALIZED_AUTOS = YES_AGGRESSIVE;
				GCC_WARN_UNUSED_FUNCTION = YES;
				GCC_WARN_UNUSED_VARIABLE = YES;
				IPHONEOS_DEPLOYMENT_TARGET = 16.4;
				MTL_ENABLE_DEBUG_INFO = NO;
				MTL_FAST_MATH = YES;
				SDKROOT = iphoneos;
				SWIFT_COMPILATION_MODE = wholemodule;
				SWIFT_OPTIMIZATION_LEVEL = "-O";
				VALIDATE_PRODUCT = YES;
			};
			name = Release;
		};
		E21771D62A18AA9300601779 /* Debug */ = {
			isa = XCBuildConfiguration;
			buildSettings = {
				ASSETCATALOG_COMPILER_APPICON_NAME = AppIcon;
				ASSETCATALOG_COMPILER_GLOBAL_ACCENT_COLOR_NAME = AccentColor;
				CODE_SIGN_STYLE = Automatic;
				CURRENT_PROJECT_VERSION = 1;
				DEVELOPMENT_ASSET_PATHS = "\"JangBoGo-iOS/Preview Content\"";
				DEVELOPMENT_TEAM = 426JBC325G;
				ENABLE_PREVIEWS = YES;
				GENERATE_INFOPLIST_FILE = YES;
				INFOPLIST_KEY_UIApplicationSceneManifest_Generation = YES;
				INFOPLIST_KEY_UIApplicationSupportsIndirectInputEvents = YES;
				INFOPLIST_KEY_UILaunchScreen_Generation = YES;
				INFOPLIST_KEY_UISupportedInterfaceOrientations_iPad = "UIInterfaceOrientationPortrait UIInterfaceOrientationPortraitUpsideDown UIInterfaceOrientationLandscapeLeft UIInterfaceOrientationLandscapeRight";
				INFOPLIST_KEY_UISupportedInterfaceOrientations_iPhone = "UIInterfaceOrientationPortrait UIInterfaceOrientationLandscapeLeft UIInterfaceOrientationLandscapeRight";
				LD_RUNPATH_SEARCH_PATHS = (
					"$(inherited)",
					"@executable_path/Frameworks",
				);
				MARKETING_VERSION = 1.0;
				PRODUCT_BUNDLE_IDENTIFIER = "LeeJeongHyun.JangBoGo-iOS";
				PRODUCT_NAME = "$(TARGET_NAME)";
				SWIFT_EMIT_LOC_STRINGS = YES;
				SWIFT_VERSION = 5.0;
				TARGETED_DEVICE_FAMILY = "1,2";
			};
			name = Debug;
		};
		E21771D72A18AA9300601779 /* Release */ = {
			isa = XCBuildConfiguration;
			buildSettings = {
				ASSETCATALOG_COMPILER_APPICON_NAME = AppIcon;
				ASSETCATALOG_COMPILER_GLOBAL_ACCENT_COLOR_NAME = AccentColor;
				CODE_SIGN_STYLE = Automatic;
				CURRENT_PROJECT_VERSION = 1;
				DEVELOPMENT_ASSET_PATHS = "\"JangBoGo-iOS/Preview Content\"";
				DEVELOPMENT_TEAM = 426JBC325G;
				ENABLE_PREVIEWS = YES;
				GENERATE_INFOPLIST_FILE = YES;
				INFOPLIST_KEY_UIApplicationSceneManifest_Generation = YES;
				INFOPLIST_KEY_UIApplicationSupportsIndirectInputEvents = YES;
				INFOPLIST_KEY_UILaunchScreen_Generation = YES;
				INFOPLIST_KEY_UISupportedInterfaceOrientations_iPad = "UIInterfaceOrientationPortrait UIInterfaceOrientationPortraitUpsideDown UIInterfaceOrientationLandscapeLeft UIInterfaceOrientationLandscapeRight";
				INFOPLIST_KEY_UISupportedInterfaceOrientations_iPhone = "UIInterfaceOrientationPortrait UIInterfaceOrientationLandscapeLeft UIInterfaceOrientationLandscapeRight";
				LD_RUNPATH_SEARCH_PATHS = (
					"$(inherited)",
					"@executable_path/Frameworks",
				);
				MARKETING_VERSION = 1.0;
				PRODUCT_BUNDLE_IDENTIFIER = "LeeJeongHyun.JangBoGo-iOS";
				PRODUCT_NAME = "$(TARGET_NAME)";
				SWIFT_EMIT_LOC_STRINGS = YES;
				SWIFT_VERSION = 5.0;
				TARGETED_DEVICE_FAMILY = "1,2";
			};
			name = Release;
		};
		E21771D92A18AA9300601779 /* Debug */ = {
			isa = XCBuildConfiguration;
			buildSettings = {
				ALWAYS_EMBED_SWIFT_STANDARD_LIBRARIES = YES;
				BUNDLE_LOADER = "$(TEST_HOST)";
				CODE_SIGN_STYLE = Automatic;
				CURRENT_PROJECT_VERSION = 1;
				DEVELOPMENT_TEAM = 426JBC325G;
				GENERATE_INFOPLIST_FILE = YES;
				IPHONEOS_DEPLOYMENT_TARGET = 16.4;
				MARKETING_VERSION = 1.0;
				PRODUCT_BUNDLE_IDENTIFIER = "LeeJeongHyun.JangBoGo-iOSTests";
				PRODUCT_NAME = "$(TARGET_NAME)";
				SWIFT_EMIT_LOC_STRINGS = NO;
				SWIFT_VERSION = 5.0;
				TARGETED_DEVICE_FAMILY = "1,2";
				TEST_HOST = "$(BUILT_PRODUCTS_DIR)/JangBoGo-iOS.app/$(BUNDLE_EXECUTABLE_FOLDER_PATH)/JangBoGo-iOS";
			};
			name = Debug;
		};
		E21771DA2A18AA9300601779 /* Release */ = {
			isa = XCBuildConfiguration;
			buildSettings = {
				ALWAYS_EMBED_SWIFT_STANDARD_LIBRARIES = YES;
				BUNDLE_LOADER = "$(TEST_HOST)";
				CODE_SIGN_STYLE = Automatic;
				CURRENT_PROJECT_VERSION = 1;
				DEVELOPMENT_TEAM = 426JBC325G;
				GENERATE_INFOPLIST_FILE = YES;
				IPHONEOS_DEPLOYMENT_TARGET = 16.4;
				MARKETING_VERSION = 1.0;
				PRODUCT_BUNDLE_IDENTIFIER = "LeeJeongHyun.JangBoGo-iOSTests";
				PRODUCT_NAME = "$(TARGET_NAME)";
				SWIFT_EMIT_LOC_STRINGS = NO;
				SWIFT_VERSION = 5.0;
				TARGETED_DEVICE_FAMILY = "1,2";
				TEST_HOST = "$(BUILT_PRODUCTS_DIR)/JangBoGo-iOS.app/$(BUNDLE_EXECUTABLE_FOLDER_PATH)/JangBoGo-iOS";
			};
			name = Release;
		};
		E21771DC2A18AA9300601779 /* Debug */ = {
			isa = XCBuildConfiguration;
			buildSettings = {
				ALWAYS_EMBED_SWIFT_STANDARD_LIBRARIES = YES;
				CODE_SIGN_STYLE = Automatic;
				CURRENT_PROJECT_VERSION = 1;
				DEVELOPMENT_TEAM = 426JBC325G;
				GENERATE_INFOPLIST_FILE = YES;
				MARKETING_VERSION = 1.0;
				PRODUCT_BUNDLE_IDENTIFIER = "LeeJeongHyun.JangBoGo-iOSUITests";
				PRODUCT_NAME = "$(TARGET_NAME)";
				SWIFT_EMIT_LOC_STRINGS = NO;
				SWIFT_VERSION = 5.0;
				TARGETED_DEVICE_FAMILY = "1,2";
				TEST_TARGET_NAME = "JangBoGo-iOS";
			};
			name = Debug;
		};
		E21771DD2A18AA9300601779 /* Release */ = {
			isa = XCBuildConfiguration;
			buildSettings = {
				ALWAYS_EMBED_SWIFT_STANDARD_LIBRARIES = YES;
				CODE_SIGN_STYLE = Automatic;
				CURRENT_PROJECT_VERSION = 1;
				DEVELOPMENT_TEAM = 426JBC325G;
				GENERATE_INFOPLIST_FILE = YES;
				MARKETING_VERSION = 1.0;
				PRODUCT_BUNDLE_IDENTIFIER = "LeeJeongHyun.JangBoGo-iOSUITests";
				PRODUCT_NAME = "$(TARGET_NAME)";
				SWIFT_EMIT_LOC_STRINGS = NO;
				SWIFT_VERSION = 5.0;
				TARGETED_DEVICE_FAMILY = "1,2";
				TEST_TARGET_NAME = "JangBoGo-iOS";
			};
			name = Release;
		};
/* End XCBuildConfiguration section */

/* Begin XCConfigurationList section */
		E21771AC2A18AA9200601779 /* Build configuration list for PBXProject "JangBoGo-iOS" */ = {
			isa = XCConfigurationList;
			buildConfigurations = (
				E21771D32A18AA9300601779 /* Debug */,
				E21771D42A18AA9300601779 /* Release */,
			);
			defaultConfigurationIsVisible = 0;
			defaultConfigurationName = Release;
		};
		E21771D52A18AA9300601779 /* Build configuration list for PBXNativeTarget "JangBoGo-iOS" */ = {
			isa = XCConfigurationList;
			buildConfigurations = (
				E21771D62A18AA9300601779 /* Debug */,
				E21771D72A18AA9300601779 /* Release */,
			);
			defaultConfigurationIsVisible = 0;
			defaultConfigurationName = Release;
		};
		E21771D82A18AA9300601779 /* Build configuration list for PBXNativeTarget "JangBoGo-iOSTests" */ = {
			isa = XCConfigurationList;
			buildConfigurations = (
				E21771D92A18AA9300601779 /* Debug */,
				E21771DA2A18AA9300601779 /* Release */,
			);
			defaultConfigurationIsVisible = 0;
			defaultConfigurationName = Release;
		};
		E21771DB2A18AA9300601779 /* Build configuration list for PBXNativeTarget "JangBoGo-iOSUITests" */ = {
			isa = XCConfigurationList;
			buildConfigurations = (
				E21771DC2A18AA9300601779 /* Debug */,
				E21771DD2A18AA9300601779 /* Release */,
			);
			defaultConfigurationIsVisible = 0;
			defaultConfigurationName = Release;
		};
/* End XCConfigurationList section */
	};
	rootObject = E21771A92A18AA9200601779 /* Project object */;
}
